
Microsoft Visual Studio Solution File, Format Version 12.00
# Visual Studio Version 17
VisualStudioVersion = 17.13.35825.156 d17.13
MinimumVisualStudioVersion = 10.0.40219.1
Project("{54A90642-561A-4BB1-A94E-469ADEE60C69}") = "protolink.client", "ProtoLink.Client\protolink.client.esproj", "{78DA2ED6-9945-EBCB-1B14-A2D5A1923106}"
EndProject
Global
	GlobalSection(SolutionConfigurationPlatforms) = preSolution
		Debug|Any CPU = Debug|Any CPU
		Release|Any CPU = Release|Any CPU
	EndGlobalSection
	GlobalSection(ProjectConfigurationPlatforms) = postSolution
		{78DA2ED6-9945-EBCB-1B14-A2D5A1923106}.Debug|Any CPU.ActiveCfg = Debug|Any CPU
		{78DA2ED6-9945-EBCB-1B14-A2D5A1923106}.Debug|Any CPU.Build.0 = Debug|Any CPU
		{78DA2ED6-9945-EBCB-1B14-A2D5A1923106}.Debug|Any CPU.Deploy.0 = Debug|Any CPU
		{78DA2ED6-9945-EBCB-1B14-A2D5A1923106}.Release|Any CPU.ActiveCfg = Release|Any CPU
		{78DA2ED6-9945-EBCB-1B14-A2D5A1923106}.Release|Any CPU.Build.0 = Release|Any CPU
		{78DA2ED6-9945-EBCB-1B14-A2D5A1923106}.Release|Any CPU.Deploy.0 = Release|Any CPU
	EndGlobalSection
	GlobalSection(SolutionProperties) = preSolution
		HideSolutionNode = FALSE
	EndGlobalSection
	GlobalSection(ExtensibilityGlobals) = postSolution
		SolutionGuid = {872C1AC1-25AE-411E-BA13-AF04B09142AD}
	EndGlobalSection
EndGlobal
